
Microsoft Visual Studio Solution File, Format Version 12.00
# Visual Studio 14
VisualStudioVersion = 14.0.25123.0
MinimumVisualStudioVersion = 10.0.40219.1
Project("{FAE04EC0-301F-11D3-BF4B-00C04F79EFBC}") = "SendEmail-SMS", "SendEmail-SMS\SendEmail-SMS.csproj", "{63ABC16E-9A1F-44D3-A88F-9B8600AC0286}"
EndProject
Global
	GlobalSection(SolutionConfigurationPlatforms) = preSolution
		Debug|ARM = Debug|ARM
		Debug|x64 = Debug|x64
		Debug|x86 = Debug|x86
		Release|ARM = Release|ARM
		Release|x64 = Release|x64
		Release|x86 = Release|x86
	EndGlobalSection
	GlobalSection(ProjectConfigurationPlatforms) = postSolution
		{63ABC16E-9A1F-44D3-A88F-9B8600AC0286}.Debug|ARM.ActiveCfg = Debug|ARM
		{63ABC16E-9A1F-44D3-A88F-9B8600AC0286}.Debug|ARM.Build.0 = Debug|ARM
		{63ABC16E-9A1F-44D3-A88F-9B8600AC0286}.Debug|ARM.Deploy.0 = Debug|ARM
		{63ABC16E-9A1F-44D3-A88F-9B8600AC0286}.Debug|x64.ActiveCfg = Debug|x64
		{63ABC16E-9A1F-44D3-A88F-9B8600AC0286}.Debug|x64.Build.0 = Debug|x64
		{63ABC16E-9A1F-44D3-A88F-9B8600AC0286}.Debug|x64.Deploy.0 = Debug|x64
		{63ABC16E-9A1F-44D3-A88F-9B8600AC0286}.Debug|x86.ActiveCfg = Debug|x86
		{63ABC16E-9A1F-44D3-A88F-9B8600AC0286}.Debug|x86.Build.0 = Debug|x86
		{63ABC16E-9A1F-44D3-A88F-9B8600AC0286}.Debug|x86.Deploy.0 = Debug|x86
		{63ABC16E-9A1F-44D3-A88F-9B8600AC0286}.Release|ARM.ActiveCfg = Release|ARM
		{63ABC16E-9A1F-44D3-A88F-9B8600AC0286}.Release|ARM.Build.0 = Release|ARM
		{63ABC16E-9A1F-44D3-A88F-9B8600AC0286}.Release|ARM.Deploy.0 = Release|ARM
		{63ABC16E-9A1F-44D3-A88F-9B8600AC0286}.Release|x64.ActiveCfg = Release|x64
		{63ABC16E-9A1F-44D3-A88F-9B8600AC0286}.Release|x64.Build.0 = Release|x64
		{63ABC16E-9A1F-44D3-A88F-9B8600AC0286}.Release|x64.Deploy.0 = Release|x64
		{63ABC16E-9A1F-44D3-A88F-9B8600AC0286}.Release|x86.ActiveCfg = Release|x86
		{63ABC16E-9A1F-44D3-A88F-9B8600AC0286}.Release|x86.Build.0 = Release|x86
		{63ABC16E-9A1F-44D3-A88F-9B8600AC0286}.Release|x86.Deploy.0 = Release|x86
	EndGlobalSection
	GlobalSection(SolutionProperties) = preSolution
		HideSolutionNode = FALSE
	EndGlobalSection
EndGlobal
